github.com/mitchellh/mapstructure v1.1.2/go.mod h1:FVVH3fgwuzCH5S8UJGiWEs2h04kUh9fWfEaFds41c1Y=
github.com/protolambda/messagediff v1.2.1 h1:saKv8lD0fRqRNO5/ZM+4WTBdwd6uqndX3tsk7363swQ=
github.com/protolambda/messagediff v1.2.1/go.mod h1:/U+6SS1RCQlnDWw49s5Uz+6Ce9e70kj3+C72bpM9RHk=
github.com/protolambda/zssz v0.0.7 h1:feW/VbRnNFi4YiWToxvTF3sukrapudOX7Eo5Co0XUvU=
github.com/protolambda/zssz v0.0.7/go.mod h1:a4iwOX5FE7/JkKA+J/PH0Mjo9oXftN6P8NZyL28gpag=
gopkg.in/check.v1 v0.0.0-20161208181325-20d25e280405/go.mod h1:Co6ibVJAznAaIkqp8huTwlJQCZ016jof/cbN4VW5Yz0=
gopkg.in/yaml.v2 v2.2.2/go.mod h1:hI93XBmqTisBFMUTm0b8Fm+jr3Dg1NNxqwp+5A1VGuI=
